// !$*UTF8*$!
{
	archiveVersion = 1;
	classes = {
	};
	objectVersion = 48;
	objects = {

/* Begin PBXBuildFile section */
		DB6E61A2201FA21B00FD17C8 /* AppDelegate.swift in Sources */ = {isa = PBXBuildFile; fileRef = DB6E61A1201FA21B00FD17C8 /* AppDelegate.swift */; };
		DB6E61A4201FA21B00FD17C8 /* RootViewController.swift in Sources */ = {isa = PBXBuildFile; fileRef = DB6E61A3201FA21B00FD17C8 /* RootViewController.swift */; };
		DB6E61A6201FA21B00FD17C8 /* DataViewController.swift in Sources */ = {isa = PBXBuildFile; fileRef = DB6E61A5201FA21B00FD17C8 /* DataViewController.swift */; };
		DB6E61A8201FA21B00FD17C8 /* ModelController.swift in Sources */ = {isa = PBXBuildFile; fileRef = DB6E61A7201FA21B00FD17C8 /* ModelController.swift */; };
		DB6E61AB201FA21B00FD17C8 /* Main.storyboard in Resources */ = {isa = PBXBuildFile; fileRef = DB6E61A9201FA21B00FD17C8 /* Main.storyboard */; };
		DB6E61AD201FA21B00FD17C8 /* Assets.xcassets in Resources */ = {isa = PBXBuildFile; fileRef = DB6E61AC201FA21B00FD17C8 /* Assets.xcassets */; };
		DB6E61B0201FA21B00FD17C8 /* LaunchScreen.storyboard in Resources */ = {isa = PBXBuildFile; fileRef = DB6E61AE201FA21B00FD17C8 /* LaunchScreen.storyboard */; };
		DB6E61BB201FA21B00FD17C8 /* HelloWorldTests.swift in Sources */ = {isa = PBXBuildFile; fileRef = DB6E61BA201FA21B00FD17C8 /* HelloWorldTests.swift */; };
		DB6E61C6201FA21B00FD17C8 /* HelloWorldUITests.swift in Sources */ = {isa = PBXBuildFile; fileRef = DB6E61C5201FA21B00FD17C8 /* HelloWorldUITests.swift */; };
/* End PBXBuildFile section */

/* Begin PBXContainerItemProxy section */
		DB6E61B7201FA21B00FD17C8 /* PBXContainerItemProxy */ = {
			isa = PBXContainerItemProxy;
			containerPortal = DB6E6196201FA21B00FD17C8 /* Project object */;
			proxyType = 1;
			remoteGlobalIDString = DB6E619D201FA21B00FD17C8;
			remoteInfo = HelloWorld;
		};
		DB6E61C2201FA21B00FD17C8 /* PBXContainerItemProxy */ = {
			isa = PBXContainerItemProxy;
			containerPortal = DB6E6196201FA21B00FD17C8 /* Project object */;
			proxyType = 1;
			remoteGlobalIDString = DB6E619D201FA21B00FD17C8;
			remoteInfo = HelloWorld;
		};
/* End PBXContainerItemProxy section */

/* Begin PBXFileReference section */
		DB6E619E201FA21B00FD17C8 /* HelloWorld.app */ = {isa = PBXFileReference; explicitFileType = wrapper.application; includeInIndex = 0; path = HelloWorld.app; sourceTree = BUILT_PRODUCTS_DIR; };
		DB6E61A1201FA21B00FD17C8 /* AppDelegate.swift */ = {isa = PBXFileReference; lastKnownFileType = sourcecode.swift; path = AppDelegate.swift; sourceTree = "<group>"; };
		DB6E61A3201FA21B00FD17C8 /* RootViewController.swift */ = {isa = PBXFileReference; lastKnownFileType = sourcecode.swift; path = RootViewController.swift; sourceTree = "<group>"; };
		DB6E61A5201FA21B00FD17C8 /* DataViewController.swift */ = {isa = PBXFileReference; lastKnownFileType = sourcecode.swift; path = DataViewController.swift; sourceTree = "<group>"; };
		DB6E61A7201FA21B00FD17C8 /* ModelController.swift */ = {isa = PBXFileReference; lastKnownFileType = sourcecode.swift; path = ModelController.swift; sourceTree = "<group>"; };
		DB6E61AA201FA21B00FD17C8 /* Base */ = {isa = PBXFileReference; lastKnownFileType = file.storyboard; name = Base; path = Base.lproj/Main.storyboard; sourceTree = "<group>"; };
		DB6E61AC201FA21B00FD17C8 /* Assets.xcassets */ = {isa = PBXFileReference; lastKnownFileType = folder.assetcatalog; path = Assets.xcassets; sourceTree = "<group>"; };
		DB6E61AF201FA21B00FD17C8 /* Base */ = {isa = PBXFileReference; lastKnownFileType = file.storyboard; name = Base; path = Base.lproj/LaunchScreen.storyboard; sourceTree = "<group>"; };
		DB6E61B1201FA21B00FD17C8 /* Info.plist */ = {isa = PBXFileReference; lastKnownFileType = text.plist.xml; path = Info.plist; sourceTree = "<group>"; };
		DB6E61B6201FA21B00FD17C8 /* HelloWorldTests.xctest */ = {isa = PBXFileReference; explicitFileType = wrapper.cfbundle; includeInIndex = 0; path = HelloWorldTests.xctest; sourceTree = BUILT_PRODUCTS_DIR; };
		DB6E61BA201FA21B00FD17C8 /* HelloWorldTests.swift */ = {isa = PBXFileReference; lastKnownFileType = sourcecode.swift; path = HelloWorldTests.swift; sourceTree = "<group>"; };
		DB6E61BC201FA21B00FD17C8 /* Info.plist */ = {isa = PBXFileReference; lastKnownFileType = text.plist.xml; path = Info.plist; sourceTree = "<group>"; };
		DB6E61C1201FA21B00FD17C8 /* HelloWorldUITests.xctest */ = {isa = PBXFileReference; explicitFileType = wrapper.cfbundle; includeInIndex = 0; path = HelloWorldUITests.xctest; sourceTree = BUILT_PRODUCTS_DIR; };
		DB6E61C5201FA21B00FD17C8 /* HelloWorldUITests.swift */ = {isa = PBXFileReference; lastKnownFileType = sourcecode.swift; path = HelloWorldUITests.swift; sourceTree = "<group>"; };
		DB6E61C7201FA21B00FD17C8 /* Info.plist */ = {isa = PBXFileReference; lastKnownFileType = text.plist.xml; path = Info.plist; sourceTree = "<group>"; };
		DB6E61D3201FC31300FD17C8 /* README.md */ = {isa = PBXFileReference; lastKnownFileType = net.daringfireball.markdown; path = README.md; sourceTree = "<group>"; };
/* End PBXFileReference section */

/* Begin PBXFrameworksBuildPhase section */
		DB6E619B201FA21B00FD17C8 /* Frameworks */ = {
			isa = PBXFrameworksBuildPhase;
			buildActionMask = 2147483647;
			files = (
			);
			runOnlyForDeploymentPostprocessing = 0;
		};
		DB6E61B3201FA21B00FD17C8 /* Frameworks */ = {
			isa = PBXFrameworksBuildPhase;
			buildActionMask = 2147483647;
			files = (
			);
			runOnlyForDeploymentPostprocessing = 0;
		};
		DB6E61BE201FA21B00FD17C8 /* Frameworks */ = {
			isa = PBXFrameworksBuildPhase;
			buildActionMask = 2147483647;
			files = (
			);
			runOnlyForDeploymentPostprocessing = 0;
		};
/* End PBXFrameworksBuildPhase section */

/* Begin PBXGroup section */
		DB6E6195201FA21B00FD17C8 = {
			isa = PBXGroup;
			children = (
				DB6E61D3201FC31300FD17C8 /* README.md */,
				DB6E61A0201FA21B00FD17C8 /* HelloWorld */,
				DB6E61B9201FA21B00FD17C8 /* HelloWorldTests */,
				DB6E61C4201FA21B00FD17C8 /* HelloWorldUITests */,
				DB6E619F201FA21B00FD17C8 /* Products */,
			);
			sourceTree = "<group>";
		};
		DB6E619F201FA21B00FD17C8 /* Products */ = {
			isa = PBXGroup;
			children = (
				DB6E619E201FA21B00FD17C8 /* HelloWorld.app */,
				DB6E61B6201FA21B00FD17C8 /* HelloWorldTests.xctest */,
				DB6E61C1201FA21B00FD17C8 /* HelloWorldUITests.xctest */,
			);
			name = Products;
			sourceTree = "<group>";
		};
		DB6E61A0201FA21B00FD17C8 /* HelloWorld */ = {
			isa = PBXGroup;
			children = (
				DB6E61A1201FA21B00FD17C8 /* AppDelegate.swift */,
				DB6E61A3201FA21B00FD17C8 /* RootViewController.swift */,
				DB6E61A5201FA21B00FD17C8 /* DataViewController.swift */,
				DB6E61A7201FA21B00FD17C8 /* ModelController.swift */,
				DB6E61A9201FA21B00FD17C8 /* Main.storyboard */,
				DB6E61AC201FA21B00FD17C8 /* Assets.xcassets */,
				DB6E61AE201FA21B00FD17C8 /* LaunchScreen.storyboard */,
				DB6E61B1201FA21B00FD17C8 /* Info.plist */,
			);
			path = HelloWorld;
			sourceTree = "<group>";
		};
		DB6E61B9201FA21B00FD17C8 /* HelloWorldTests */ = {
			isa = PBXGroup;
			children = (
				DB6E61BA201FA21B00FD17C8 /* HelloWorldTests.swift */,
				DB6E61BC201FA21B00FD17C8 /* Info.plist */,
			);
			path = HelloWorldTests;
			sourceTree = "<group>";
		};
		DB6E61C4201FA21B00FD17C8 /* HelloWorldUITests */ = {
			isa = PBXGroup;
			children = (
				DB6E61C5201FA21B00FD17C8 /* HelloWorldUITests.swift */,
				DB6E61C7201FA21B00FD17C8 /* Info.plist */,
			);
			path = HelloWorldUITests;
			sourceTree = "<group>";
		};
/* End PBXGroup section */

/* Begin PBXNativeTarget section */
		DB6E619D201FA21B00FD17C8 /* HelloWorld */ = {
			isa = PBXNativeTarget;
			buildConfigurationList = DB6E61CA201FA21B00FD17C8 /* Build configuration list for PBXNativeTarget "HelloWorld" */;
			buildPhases = (
				DB6E619A201FA21B00FD17C8 /* Sources */,
				DB6E619B201FA21B00FD17C8 /* Frameworks */,
				DB6E619C201FA21B00FD17C8 /* Resources */,
			);
			buildRules = (
			);
			dependencies = (
			);
			name = HelloWorld;
			productName = HelloWorld;
			productReference = DB6E619E201FA21B00FD17C8 /* HelloWorld.app */;
			productType = "com.apple.product-type.application";
		};
		DB6E61B5201FA21B00FD17C8 /* HelloWorldTests */ = {
			isa = PBXNativeTarget;
			buildConfigurationList = DB6E61CD201FA21B00FD17C8 /* Build configuration list for PBXNativeTarget "HelloWorldTests" */;
			buildPhases = (
				DB6E61B2201FA21B00FD17C8 /* Sources */,
				DB6E61B3201FA21B00FD17C8 /* Frameworks */,
				DB6E61B4201FA21B00FD17C8 /* Resources */,
			);
			buildRules = (
			);
			dependencies = (
				DB6E61B8201FA21B00FD17C8 /* PBXTargetDependency */,
			);
			name = HelloWorldTests;
			productName = HelloWorldTests;
			productReference = DB6E61B6201FA21B00FD17C8 /* HelloWorldTests.xctest */;
			productType = "com.apple.product-type.bundle.unit-test";
		};
		DB6E61C0201FA21B00FD17C8 /* HelloWorldUITests */ = {
			isa = PBXNativeTarget;
			buildConfigurationList = DB6E61D0201FA21B00FD17C8 /* Build configuration list for PBXNativeTarget "HelloWorldUITests" */;
			buildPhases = (
				DB6E61BD201FA21B00FD17C8 /* Sources */,
				DB6E61BE201FA21B00FD17C8 /* Frameworks */,
				DB6E61BF201FA21B00FD17C8 /* Resources */,
			);
			buildRules = (
			);
			dependencies = (
				DB6E61C3201FA21B00FD17C8 /* PBXTargetDependency */,
			);
			name = HelloWorldUITests;
			productName = HelloWorldUITests;
			productReference = DB6E61C1201FA21B00FD17C8 /* HelloWorldUITests.xctest */;
			productType = "com.apple.product-type.bundle.ui-testing";
		};
/* End PBXNativeTarget section */

/* Begin PBXProject section */
		DB6E6196201FA21B00FD17C8 /* Project object */ = {
			isa = PBXProject;
			attributes = {
				LastSwiftUpdateCheck = 0920;
				LastUpgradeCheck = 0920;
				ORGANIZATIONNAME = "El Jefe";
				TargetAttributes = {
					DB6E619D201FA21B00FD17C8 = {
						CreatedOnToolsVersion = 9.2;
						ProvisioningStyle = Automatic;
					};
					DB6E61B5201FA21B00FD17C8 = {
						CreatedOnToolsVersion = 9.2;
						ProvisioningStyle = Automatic;
						TestTargetID = DB6E619D201FA21B00FD17C8;
					};
					DB6E61C0201FA21B00FD17C8 = {
						CreatedOnToolsVersion = 9.2;
						ProvisioningStyle = Automatic;
						TestTargetID = DB6E619D201FA21B00FD17C8;
					};
				};
			};
			buildConfigurationList = DB6E6199201FA21B00FD17C8 /* Build configuration list for PBXProject "HelloWorld" */;
			compatibilityVersion = "Xcode 8.0";
			developmentRegion = en;
			hasScannedForEncodings = 0;
			knownRegions = (
				en,
				Base,
			);
			mainGroup = DB6E6195201FA21B00FD17C8;
			productRefGroup = DB6E619F201FA21B00FD17C8 /* Products */;
			projectDirPath = "";
			projectRoot = "";
			targets = (
				DB6E619D201FA21B00FD17C8 /* HelloWorld */,
				DB6E61B5201FA21B00FD17C8 /* HelloWorldTests */,
				DB6E61C0201FA21B00FD17C8 /* HelloWorldUITests */,
			);
		};
/* End PBXProject section */

/* Begin PBXResourcesBuildPhase section */
		DB6E619C201FA21B00FD17C8 /* Resources */ = {
			isa = PBXResourcesBuildPhase;
			buildActionMask = 2147483647;
			files = (
				DB6E61B0201FA21B00FD17C8 /* LaunchScreen.storyboard in Resources */,
				DB6E61AD201FA21B00FD17C8 /* Assets.xcassets in Resources */,
				DB6E61AB201FA21B00FD17C8 /* Main.storyboard in Resources */,
			);
			runOnlyForDeploymentPostprocessing = 0;
		};
		DB6E61B4201FA21B00FD17C8 /* Resources */ = {
			isa = PBXResourcesBuildPhase;
			buildActionMask = 2147483647;
			files = (
			);
			runOnlyForDeploymentPostprocessing = 0;
		};
		DB6E61BF201FA21B00FD17C8 /* Resources */ = {
			isa = PBXResourcesBuildPhase;
			buildActionMask = 2147483647;
			files = (
			);
			runOnlyForDeploymentPostprocessing = 0;
		};
/* End PBXResourcesBuildPhase section */

/* Begin PBXSourcesBuildPhase section */
		DB6E619A201FA21B00FD17C8 /* Sources */ = {
			isa = PBXSourcesBuildPhase;
			buildActionMask = 2147483647;
			files = (
				DB6E61A4201FA21B00FD17C8 /* RootViewController.swift in Sources */,
				DB6E61A8201FA21B00FD17C8 /* ModelController.swift in Sources */,
				DB6E61A6201FA21B00FD17C8 /* DataViewController.swift in Sources */,
				DB6E61A2201FA21B00FD17C8 /* AppDelegate.swift in Sources */,
			);
			runOnlyForDeploymentPostprocessing = 0;
		};
		DB6E61B2201FA21B00FD17C8 /* Sources */ = {
			isa = PBXSourcesBuildPhase;
			buildActionMask = 2147483647;
			files = (
				DB6E61BB201FA21B00FD17C8 /* HelloWorldTests.swift in Sources */,
			);
			runOnlyForDeploymentPostprocessing = 0;
		};
		DB6E61BD201FA21B00FD17C8 /* Sources */ = {
			isa = PBXSourcesBuildPhase;
			buildActionMask = 2147483647;
			files = (
				DB6E61C6201FA21B00FD17C8 /* HelloWorldUITests.swift in Sources */,
			);
			runOnlyForDeploymentPostprocessing = 0;
		};
/* End PBXSourcesBuildPhase section */

/* Begin PBXTargetDependency section */
		DB6E61B8201FA21B00FD17C8 /* PBXTargetDependency */ = {
			isa = PBXTargetDependency;
			target = DB6E619D201FA21B00FD17C8 /* HelloWorld */;
			targetProxy = DB6E61B7201FA21B00FD17C8 /* PBXContainerItemProxy */;
		};
		DB6E61C3201FA21B00FD17C8 /* PBXTargetDependency */ = {
			isa = PBXTargetDependency;
			target = DB6E619D201FA21B00FD17C8 /* HelloWorld */;
			targetProxy = DB6E61C2201FA21B00FD17C8 /* PBXContainerItemProxy */;
		};
/* End PBXTargetDependency section */

/* Begin PBXVariantGroup section */
		DB6E61A9201FA21B00FD17C8 /* Main.storyboard */ = {
			isa = PBXVariantGroup;
			children = (
				DB6E61AA201FA21B00FD17C8 /* Base */,
			);
			name = Main.storyboard;
			sourceTree = "<group>";
		};
		DB6E61AE201FA21B00FD17C8 /* LaunchScreen.storyboard */ = {
			isa = PBXVariantGroup;
			children = (
				DB6E61AF201FA21B00FD17C8 /* Base */,
			);
			name = LaunchScreen.storyboard;
			sourceTree = "<group>";
		};
/* End PBXVariantGroup section */

/* Begin XCBuildConfiguration section */
		DB6E61C8201FA21B00FD17C8 /* Debug */ = {
			isa = XCBuildConfiguration;
			buildSettings = {
				ALWAYS_SEARCH_USER_PATHS = NO;
				CLANG_ANALYZER_NONNULL = YES;
				CLANG_ANALYZER_NUMBER_OBJECT_CONVERSION = YES_AGGRESSIVE;
				CLANG_CXX_LANGUAGE_STANDARD = "gnu++14";
				CLANG_CXX_LIBRARY = "libc++";
				CLANG_ENABLE_MODULES = YES;
				CLANG_ENABLE_OBJC_ARC = YES;
				CLANG_WARN_BLOCK_CAPTURE_AUTORELEASING = YES;
				CLANG_WARN_BOOL_CONVERSION = YES;
				CLANG_WARN_COMMA = YES;
				CLANG_WARN_CONSTANT_CONVERSION = YES;
				CLANG_WARN_DIRECT_OBJC_ISA_USAGE = YES_ERROR;
				CLANG_WARN_DOCUMENTATION_COMMENTS = YES;
				CLANG_WARN_EMPTY_BODY = YES;
				CLANG_WARN_ENUM_CONVERSION = YES;
				CLANG_WARN_INFINITE_RECURSION = YES;
				CLANG_WARN_INT_CONVERSION = YES;
				CLANG_WARN_NON_LITERAL_NULL_CONVERSION = YES;
				CLANG_WARN_OBJC_LITERAL_CONVERSION = YES;
				CLANG_WARN_OBJC_ROOT_CLASS = YES_ERROR;
				CLANG_WARN_RANGE_LOOP_ANALYSIS = YES;
				CLANG_WARN_STRICT_PROTOTYPES = YES;
				CLANG_WARN_SUSPICIOUS_MOVE = YES;
				CLANG_WARN_UNGUARDED_AVAILABILITY = YES_AGGRESSIVE;
				CLANG_WARN_UNREACHABLE_CODE = YES;
				CLANG_WARN__DUPLICATE_METHOD_MATCH = YES;
				CODE_SIGN_IDENTITY = "iPhone Developer";
				COPY_PHASE_STRIP = NO;
				DEBUG_INFORMATION_FORMAT = dwarf;
				ENABLE_STRICT_OBJC_MSGSEND = YES;
				ENABLE_TESTABILITY = YES;
				GCC_C_LANGUAGE_STANDARD = gnu11;
				GCC_DYNAMIC_NO_PIC = NO;
				GCC_NO_COMMON_BLOCKS = YES;
				GCC_OPTIMIZATION_LEVEL = 0;
				GCC_PREPROCESSOR_DEFINITIONS = (
					"DEBUG=1",
					"$(inherited)",
				);
				GCC_WARN_64_TO_32_BIT_CONVERSION = YES;
				GCC_WARN_ABOUT_RETURN_TYPE = YES_ERROR;
				GCC_WARN_UNDECLARED_SELECTOR = YES;
				GCC_WARN_UNINITIALIZED_AUTOS = YES_AGGRESSIVE;
				GCC_WARN_UNUSED_FUNCTION = YES;
				GCC_WARN_UNUSED_VARIABLE = YES;
				IPHONEOS_DEPLOYMENT_TARGET = 11.2;
				MTL_ENABLE_DEBUG_INFO = YES;
				ONLY_ACTIVE_ARCH = YES;
				SDKROOT = iphoneos;
				SWIFT_ACTIVE_COMPILATION_CONDITIONS = DEBUG;
				SWIFT_OPTIMIZATION_LEVEL = "-Onone";
			};
			name = Debug;
		};
		DB6E61C9201FA21B00FD17C8 /* Release */ = {
			isa = XCBuildConfiguration;
			buildSettings = {
				ALWAYS_SEARCH_USER_PATHS = NO;
				CLANG_ANALYZER_NONNULL = YES;
				CLANG_ANALYZER_NUMBER_OBJECT_CONVERSION = YES_AGGRESSIVE;
				CLANG_CXX_LANGUAGE_STANDARD = "gnu++14";
				CLANG_CXX_LIBRARY = "libc++";
				CLANG_ENABLE_MODULES = YES;
				CLANG_ENABLE_OBJC_ARC = YES;
				CLANG_WARN_BLOCK_CAPTURE_AUTORELEASING = YES;
				CLANG_WARN_BOOL_CONVERSION = YES;
				CLANG_WARN_COMMA = YES;
				CLANG_WARN_CONSTANT_CONVERSION = YES;
				CLANG_WARN_DIRECT_OBJC_ISA_USAGE = YES_ERROR;
				CLANG_WARN_DOCUMENTATION_COMMENTS = YES;
				CLANG_WARN_EMPTY_BODY = YES;
				CLANG_WARN_ENUM_CONVERSION = YES;
				CLANG_WARN_INFINITE_RECURSION = YES;
				CLANG_WARN_INT_CONVERSION = YES;
				CLANG_WARN_NON_LITERAL_NULL_CONVERSION = YES;
				CLANG_WARN_OBJC_LITERAL_CONVERSION = YES;
				CLANG_WARN_OBJC_ROOT_CLASS = YES_ERROR;
				CLANG_WARN_RANGE_LOOP_ANALYSIS = YES;
				CLANG_WARN_STRICT_PROTOTYPES = YES;
				CLANG_WARN_SUSPICIOUS_MOVE = YES;
				CLANG_WARN_UNGUARDED_AVAILABILITY = YES_AGGRESSIVE;
				CLANG_WARN_UNREACHABLE_CODE = YES;
				CLANG_WARN__DUPLICATE_METHOD_MATCH = YES;
				CODE_SIGN_IDENTITY = "iPhone Developer";
				COPY_PHASE_STRIP = NO;
				DEBUG_INFORMATION_FORMAT = "dwarf-with-dsym";
				ENABLE_NS_ASSERTIONS = NO;
				ENABLE_STRICT_OBJC_MSGSEND = YES;
				GCC_C_LANGUAGE_STANDARD = gnu11;
				GCC_NO_COMMON_BLOCKS = YES;
				GCC_WARN_64_TO_32_BIT_CONVERSION = YES;
				GCC_WARN_ABOUT_RETURN_TYPE = YES_ERROR;
				GCC_WARN_UNDECLARED_SELECTOR = YES;
				GCC_WARN_UNINITIALIZED_AUTOS = YES_AGGRESSIVE;
				GCC_WARN_UNUSED_FUNCTION = YES;
				GCC_WARN_UNUSED_VARIABLE = YES;
				IPHONEOS_DEPLOYMENT_TARGET = 11.2;
				MTL_ENABLE_DEBUG_INFO = NO;
				SDKROOT = iphoneos;
				SWIFT_OPTIMIZATION_LEVEL = "-Owholemodule";
				VALIDATE_PRODUCT = YES;
			};
			name = Release;
		};
		DB6E61CB201FA21B00FD17C8 /* Debug */ = {
			isa = XCBuildConfiguration;
			buildSettings = {
				ASSETCATALOG_COMPILER_APPICON_NAME = AppIcon;
				CODE_SIGN_STYLE = Automatic;
				DEVELOPMENT_TEAM = AXTRN84PUM;
				INFOPLIST_FILE = HelloWorld/Info.plist;
				LD_RUNPATH_SEARCH_PATHS = "$(inherited) @executable_path/Frameworks";
				PRODUCT_BUNDLE_IDENTIFIER = eljefe.HelloWorld;
				PRODUCT_NAME = "$(TARGET_NAME)";
				SWIFT_VERSION = 4.0;
				TARGETED_DEVICE_FAMILY = "1,2";
			};
			name = Debug;
		};
		DB6E61CC201FA21B00FD17C8 /* Release */ = {
			isa = XCBuildConfiguration;
			buildSettings = {
				ASSETCATALOG_COMPILER_APPICON_NAME = AppIcon;
				CODE_SIGN_STYLE = Automatic;
				DEVELOPMENT_TEAM = AXTRN84PUM;
				INFOPLIST_FILE = HelloWorld/Info.plist;
				LD_RUNPATH_SEARCH_PATHS = "$(inherited) @executable_path/Frameworks";
				PRODUCT_BUNDLE_IDENTIFIER = eljefe.HelloWorld;
				PRODUCT_NAME = "$(TARGET_NAME)";
				SWIFT_VERSION = 4.0;
				TARGETED_DEVICE_FAMILY = "1,2";
			};
			name = Release;
		};
		DB6E61CE201FA21B00FD17C8 /* Debug */ = {
			isa = XCBuildConfiguration;
			buildSettings = {
				ALWAYS_EMBED_SWIFT_STANDARD_LIBRARIES = YES;
				BUNDLE_LOADER = "$(TEST_HOST)";
				CODE_SIGN_STYLE = Automatic;
				DEVELOPMENT_TEAM = AXTRN84PUM;
				INFOPLIST_FILE = HelloWorldTests/Info.plist;
				LD_RUNPATH_SEARCH_PATHS = "$(inherited) @executable_path/Frameworks @loader_path/Frameworks";
				PRODUCT_BUNDLE_IDENTIFIER = eljefe.HelloWorldTests;
				PRODUCT_NAME = "$(TARGET_NAME)";
				SWIFT_VERSION = 4.0;
				TARGETED_DEVICE_FAMILY = "1,2";
				TEST_HOST = "$(BUILT_PRODUCTS_DIR)/HelloWorld.app/HelloWorld";
			};
			name = Debug;
		};
		DB6E61CF201FA21B00FD17C8 /* Release */ = {
			isa = XCBuildConfiguration;
			buildSettings = {
				ALWAYS_EMBED_SWIFT_STANDARD_LIBRARIES = YES;
				BUNDLE_LOADER = "$(TEST_HOST)";
				CODE_SIGN_STYLE = Automatic;
				DEVELOPMENT_TEAM = AXTRN84PUM;
				INFOPLIST_FILE = HelloWorldTests/Info.plist;
				LD_RUNPATH_SEARCH_PATHS = "$(inherited) @executable_path/Frameworks @loader_path/Frameworks";
				PRODUCT_BUNDLE_IDENTIFIER = eljefe.HelloWorldTests;
				PRODUCT_NAME = "$(TARGET_NAME)";
				SWIFT_VERSION = 4.0;
				TARGETED_DEVICE_FAMILY = "1,2";
				TEST_HOST = "$(BUILT_PRODUCTS_DIR)/HelloWorld.app/HelloWorld";
			};
			name = Release;
		};
		DB6E61D1201FA21B00FD17C8 /* Debug */ = {
			isa = XCBuildConfiguration;
			buildSettings = {
				ALWAYS_EMBED_SWIFT_STANDARD_LIBRARIES = YES;
				CODE_SIGN_STYLE = Automatic;
				DEVELOPMENT_TEAM = AXTRN84PUM;
				INFOPLIST_FILE = HelloWorldUITests/Info.plist;
				LD_RUNPATH_SEARCH_PATHS = "$(inherited) @executable_path/Frameworks @loader_path/Frameworks";
				PRODUCT_BUNDLE_IDENTIFIER = eljefe.HelloWorldUITests;
				PRODUCT_NAME = "$(TARGET_NAME)";
				SWIFT_VERSION = 4.0;
				TARGETED_DEVICE_FAMILY = "1,2";
				TEST_TARGET_NAME = HelloWorld;
			};
			name = Debug;
		};
		DB6E61D2201FA21B00FD17C8 /* Release */ = {
			isa = XCBuildConfiguration;
			buildSettings = {
				ALWAYS_EMBED_SWIFT_STANDARD_LIBRARIES = YES;
				CODE_SIGN_STYLE = Automatic;
				DEVELOPMENT_TEAM = AXTRN84PUM;
				INFOPLIST_FILE = HelloWorldUITests/Info.plist;
				LD_RUNPATH_SEARCH_PATHS = "$(inherited) @executable_path/Frameworks @loader_path/Frameworks";
				PRODUCT_BUNDLE_IDENTIFIER = eljefe.HelloWorldUITests;
				PRODUCT_NAME = "$(TARGET_NAME)";
				SWIFT_VERSION = 4.0;
				TARGETED_DEVICE_FAMILY = "1,2";
				TEST_TARGET_NAME = HelloWorld;
			};
			name = Release;
		};
/* End XCBuildConfiguration section */

/* Begin XCConfigurationList section */
		DB6E6199201FA21B00FD17C8 /* Build configuration list for PBXProject "HelloWorld" */ = {
			isa = XCConfigurationList;
			buildConfigurations = (
				DB6E61C8201FA21B00FD17C8 /* Debug */,
				DB6E61C9201FA21B00FD17C8 /* Release */,
			);
			defaultConfigurationIsVisible = 0;
			defaultConfigurationName = Release;
		};
		DB6E61CA201FA21B00FD17C8 /* Build configuration list for PBXNativeTarget "HelloWorld" */ = {
			isa = XCConfigurationList;
			buildConfigurations = (
				DB6E61CB201FA21B00FD17C8 /* Debug */,
				DB6E61CC201FA21B00FD17C8 /* Release */,
			);
			defaultConfigurationIsVisible = 0;
			defaultConfigurationName = Release;
		};
		DB6E61CD201FA21B00FD17C8 /* Build configuration list for PBXNativeTarget "HelloWorldTests" */ = {
			isa = XCConfigurationList;
			buildConfigurations = (
				DB6E61CE201FA21B00FD17C8 /* Debug */,
				DB6E61CF201FA21B00FD17C8 /* Release */,
			);
			defaultConfigurationIsVisible = 0;
			defaultConfigurationName = Release;
		};
		DB6E61D0201FA21B00FD17C8 /* Build configuration list for PBXNativeTarget "HelloWorldUITests" */ = {
			isa = XCConfigurationList;
			buildConfigurations = (
				DB6E61D1201FA21B00FD17C8 /* Debug */,
				DB6E61D2201FA21B00FD17C8 /* Release */,
			);
			defaultConfigurationIsVisible = 0;
			defaultConfigurationName = Release;
		};
/* End XCConfigurationList section */
	};
	rootObject = DB6E6196201FA21B00FD17C8 /* Project object */;
}
